
Microsoft Visual Studio Solution File, Format Version 12.00
# Visual Studio Version 16
VisualStudioVersion = 16.0.31205.134
MinimumVisualStudioVersion = 10.0.40219.1
Project("{8BC9CEB8-8B4A-11D0-8D11-00A0C91BC942}") = "cppapipytorch_gpu", "cppapipytorch_gpu.vcxproj", "{BA97380F-472F-4233-AE7F-28A988DAF154}"
EndProject
Project("{8BC9CEB8-8B4A-11D0-8D11-00A0C91BC942}") = "cppapipytorch_cpu", "cppapipytorch_cpu.vcxproj", "{8D9CFBEF-81B5-425A-B443-0867B7E5A36C}"
EndProject
Global
	GlobalSection(SolutionConfigurationPlatforms) = preSolution
		Debug|x64 = Debug|x64
		Debug|x86 = Debug|x86
		Release|x64 = Release|x64
		Release|x86 = Release|x86
	EndGlobalSection
	GlobalSection(ProjectConfigurationPlatforms) = postSolution
		{BA97380F-472F-4233-AE7F-28A988DAF154}.Debug|x64.ActiveCfg = Debug|x64
		{BA97380F-472F-4233-AE7F-28A988DAF154}.Debug|x64.Build.0 = Debug|x64
		{BA97380F-472F-4233-AE7F-28A988DAF154}.Debug|x86.ActiveCfg = Debug|Win32
		{BA97380F-472F-4233-AE7F-28A988DAF154}.Debug|x86.Build.0 = Debug|Win32
		{BA97380F-472F-4233-AE7F-28A988DAF154}.Release|x64.ActiveCfg = Release|x64
		{BA97380F-472F-4233-AE7F-28A988DAF154}.Release|x64.Build.0 = Release|x64
		{BA97380F-472F-4233-AE7F-28A988DAF154}.Release|x86.ActiveCfg = Release|Win32
		{BA97380F-472F-4233-AE7F-28A988DAF154}.Release|x86.Build.0 = Release|Win32
		{8D9CFBEF-81B5-425A-B443-0867B7E5A36C}.Debug|x64.ActiveCfg = Debug|x64
		{8D9CFBEF-81B5-425A-B443-0867B7E5A36C}.Debug|x64.Build.0 = Debug|x64
		{8D9CFBEF-81B5-425A-B443-0867B7E5A36C}.Debug|x86.ActiveCfg = Debug|Win32
		{8D9CFBEF-81B5-425A-B443-0867B7E5A36C}.Debug|x86.Build.0 = Debug|Win32
		{8D9CFBEF-81B5-425A-B443-0867B7E5A36C}.Release|x64.ActiveCfg = Release|x64
		{8D9CFBEF-81B5-425A-B443-0867B7E5A36C}.Release|x64.Build.0 = Release|x64
		{8D9CFBEF-81B5-425A-B443-0867B7E5A36C}.Release|x86.ActiveCfg = Release|Win32
		{8D9CFBEF-81B5-425A-B443-0867B7E5A36C}.Release|x86.Build.0 = Release|Win32
	EndGlobalSection
	GlobalSection(SolutionProperties) = preSolution
		HideSolutionNode = FALSE
	EndGlobalSection
	GlobalSection(ExtensibilityGlobals) = postSolution
		SolutionGuid = {32624B17-A172-4FD7-9D0F-671B5DCD098A}
	EndGlobalSection
EndGlobal
